<?xml version="1.0" encoding="utf-8"?>
<Project ToolsVersion="4.0" xmlns="http://schemas.microsoft.com/developer/msbuild/2003">
  <ItemGroup>
    <Filter Include="NewFilter1">
      <UniqueIdentifier>{8120c744-d974-4ce8-9c8d-2c172c7de934}</UniqueIdentifier>
    </Filter>
    <Filter Include="リソース ファイル">
      <UniqueIdentifier>{67DA6AB6-F800-4c08-8B7A-83BB121AAD01}</UniqueIdentifier>
      <Extensions>rc;ico;cur;bmp;dlg;rc2;rct;bin;rgs;gif;jpg;jpeg;jpe;resx;tiff;tif;png;wav;mfcribbon-ms</Extensions>
    </Filter>
    <Filter Include="ソース ファイル">
      <UniqueIdentifier>{4FC737F1-C7A5-4376-A066-2A32D752A2FF}</UniqueIdentifier>
      <Extensions>cpp;c;cc;cxx;def;odl;idl;hpj;bat;asm;asmx</Extensions>
    </Filter>
  </ItemGroup>
  <ItemGroup>
    <ClCompile Include="Node\Node.cpp">
      <Filter>ソース ファイル</Filter>
    </ClCompile>
    <ClCompile Include="Node\NodeAbstract.cpp">
      <Filter>ソース ファイル</Filter>
    </ClCompile>
    <ClCompile Include="main_test.cpp">
      <Filter>ソース ファイル</Filter>
    </ClCompile>
    <ClCompile Include="Visitor\SearchUpdateVisitor.cpp">
      <Filter>ソース ファイル</Filter>
    </ClCompile>
    <ClCompile Include="Node\GameObjectNode.cpp">
      <Filter>ソース ファイル</Filter>
    </ClCompile>
    <ClCompile Include="Test\TestCharactor.cpp">
      <Filter>ソース ファイル</Filter>
    </ClCompile>
  </ItemGroup>
  <ItemGroup>
    <ClInclude Include="GameObject\GameObjectInterface.h">
      <Filter>リソース ファイル</Filter>
    </ClInclude>
    <ClInclude Include="Test\TestCharactor.h">
      <Filter>リソース ファイル</Filter>
    </ClInclude>
    <ClInclude Include="Node\GameObjectNode.h">
      <Filter>リソース ファイル</Filter>
    </ClInclude>
    <ClInclude Include="Node\Leaf.h">
      <Filter>リソース ファイル</Filter>
    </ClInclude>
    <ClInclude Include="Node\Node.h">
      <Filter>リソース ファイル</Filter>
    </ClInclude>
    <ClInclude Include="Node\NodeAbstract.h">
      <Filter>リソース ファイル</Filter>
    </ClInclude>
    <ClInclude Include="SceneGraph\SceneGraph.h">
      <Filter>リソース ファイル</Filter>
    </ClInclude>
    <ClInclude Include="Visitor\SearchUpdateVisitor.h">
      <Filter>リソース ファイル</Filter>
    </ClInclude>
    <ClInclude Include="Visitor\VisitorInterface.h">
      <Filter>リソース ファイル</Filter>
    </ClInclude>
  </ItemGroup>
</Project>